
Microsoft Visual Studio Solution File, Format Version 12.00
# Visual Studio Version 17
VisualStudioVersion = 17.4.33103.184
MinimumVisualStudioVersion = 10.0.40219.1
Project("{FAE04EC0-301F-11D3-BF4B-00C04F79EFBC}") = "Targil0", "Targil0\Targil0.csproj", "{0D153F31-4A6D-4B07-8BF0-AD58D2C685F8}"
EndProject
Global
	GlobalSection(SolutionConfigurationPlatforms) = preSolution
		Debug|Any CPU = Debug|Any CPU
		Release|Any CPU = Release|Any CPU
	EndGlobalSection
	GlobalSection(ProjectConfigurationPlatforms) = postSolution
		{0D153F31-4A6D-4B07-8BF0-AD58D2C685F8}.Debug|Any CPU.ActiveCfg = Debug|Any CPU
		{0D153F31-4A6D-4B07-8BF0-AD58D2C685F8}.Debug|Any CPU.Build.0 = Debug|Any CPU
		{0D153F31-4A6D-4B07-8BF0-AD58D2C685F8}.Release|Any CPU.ActiveCfg = Release|Any CPU
		{0D153F31-4A6D-4B07-8BF0-AD58D2C685F8}.Release|Any CPU.Build.0 = Release|Any CPU
	EndGlobalSection
	GlobalSection(SolutionProperties) = preSolution
		HideSolutionNode = FALSE
	EndGlobalSection
	GlobalSection(ExtensibilityGlobals) = postSolution
		SolutionGuid = {95C51C35-54B2-4C29-AD71-D4D701EA6D07}
	EndGlobalSection
EndGlobal
